
Microsoft Visual Studio Solution File, Format Version 12.00
# Visual Studio Version 16
VisualStudioVersion = 16.0.30717.126
MinimumVisualStudioVersion = 10.0.40219.1
Project("{9A19103F-16F7-4668-BE54-9A1E7A4F7556}") = "Day1", "Day1\Day1.csproj", "{74883F17-1FC9-4E8A-AA1A-BC00A06C8238}"
EndProject
Project("{9A19103F-16F7-4668-BE54-9A1E7A4F7556}") = "InputParsing", "InputParsing\InputParsing.csproj", "{3EBF58B7-A9F0-4D80-83AD-550F3CD27339}"
EndProject
Project("{9A19103F-16F7-4668-BE54-9A1E7A4F7556}") = "Day2", "Day2\Day2.csproj", "{739A8B6B-77EE-4484-BCED-2BCAB6E7C5C5}"
EndProject
Project("{9A19103F-16F7-4668-BE54-9A1E7A4F7556}") = "Day3", "Day3\Day3.csproj", "{942B8E00-93E3-4FE2-8295-39704FDBC6E0}"
EndProject
Project("{9A19103F-16F7-4668-BE54-9A1E7A4F7556}") = "Day4", "Day4\Day4.csproj", "{150DD51D-C294-4246-A1B8-0DE399AD71DC}"
EndProject
Project("{9A19103F-16F7-4668-BE54-9A1E7A4F7556}") = "Day5", "Day5\Day5.csproj", "{5F687B58-5F09-4F67-A9EB-C30B3E5B59BD}"
EndProject
Project("{9A19103F-16F7-4668-BE54-9A1E7A4F7556}") = "Day6", "Day6\Day6.csproj", "{9764A0EB-D47F-41A4-85AE-CC0C57F83B7F}"
EndProject
Project("{9A19103F-16F7-4668-BE54-9A1E7A4F7556}") = "Day7", "Day7\Day7.csproj", "{78D57B81-8FBD-4919-8181-C850F5DCC77C}"
EndProject
Project("{9A19103F-16F7-4668-BE54-9A1E7A4F7556}") = "Day8", "Day8\Day8.csproj", "{FF92BDE9-18ED-48A0-9EB2-6046C967F068}"
EndProject
Project("{9A19103F-16F7-4668-BE54-9A1E7A4F7556}") = "Day9", "Day9\Day9.csproj", "{DE8AE88E-2D1D-4C90-A3B1-CC37F61D96BB}"
EndProject
Project("{9A19103F-16F7-4668-BE54-9A1E7A4F7556}") = "Day10", "Day10\Day10.csproj", "{D404A081-1BCC-4988-AD7A-54728A268330}"
EndProject
Project("{9A19103F-16F7-4668-BE54-9A1E7A4F7556}") = "Day11", "Day11\Day11.csproj", "{60882CB2-266A-4BBB-8063-8AECF330DDCE}"
EndProject
Project("{9A19103F-16F7-4668-BE54-9A1E7A4F7556}") = "Day12", "Day12\Day12.csproj", "{168BBA21-8410-42C2-8B6A-D095F1DC8BDA}"
EndProject
Project("{9A19103F-16F7-4668-BE54-9A1E7A4F7556}") = "Day13", "Day13\Day13.csproj", "{142B7083-83AB-43A6-BF65-7E34BA29987E}"
EndProject
Project("{9A19103F-16F7-4668-BE54-9A1E7A4F7556}") = "Day14", "Day14\Day14.csproj", "{519DE487-9354-46B8-8D6D-66109C56686A}"
EndProject
Project("{9A19103F-16F7-4668-BE54-9A1E7A4F7556}") = "Day15", "Day15\Day15.csproj", "{4E06CB1C-1CB2-41E7-9886-CD8D0EAB5994}"
EndProject
Project("{9A19103F-16F7-4668-BE54-9A1E7A4F7556}") = "Day16", "Day16\Day16.csproj", "{7F55682E-7EAE-4088-A662-1CA850F11183}"
EndProject
Project("{9A19103F-16F7-4668-BE54-9A1E7A4F7556}") = "Day17", "Day17\Day17.csproj", "{81C010E1-B165-440A-9950-99A492CC7D25}"
EndProject
Project("{9A19103F-16F7-4668-BE54-9A1E7A4F7556}") = "Day18", "Day18\Day18.csproj", "{99D36060-D3DF-4D99-ABC1-01DA0F1CBF1E}"
EndProject
Project("{FAE04EC0-301F-11D3-BF4B-00C04F79EFBC}") = "Day19", "Day19\Day19.csproj", "{26E5AE8D-717F-47E2-928A-F84ED09B11D2}"
EndProject
Global
	GlobalSection(SolutionConfigurationPlatforms) = preSolution
		Debug|Any CPU = Debug|Any CPU
		Release|Any CPU = Release|Any CPU
	EndGlobalSection
	GlobalSection(ProjectConfigurationPlatforms) = postSolution
		{74883F17-1FC9-4E8A-AA1A-BC00A06C8238}.Debug|Any CPU.ActiveCfg = Debug|Any CPU
		{74883F17-1FC9-4E8A-AA1A-BC00A06C8238}.Debug|Any CPU.Build.0 = Debug|Any CPU
		{74883F17-1FC9-4E8A-AA1A-BC00A06C8238}.Release|Any CPU.ActiveCfg = Release|Any CPU
		{74883F17-1FC9-4E8A-AA1A-BC00A06C8238}.Release|Any CPU.Build.0 = Release|Any CPU
		{3EBF58B7-A9F0-4D80-83AD-550F3CD27339}.Debug|Any CPU.ActiveCfg = Debug|Any CPU
		{3EBF58B7-A9F0-4D80-83AD-550F3CD27339}.Debug|Any CPU.Build.0 = Debug|Any CPU
		{3EBF58B7-A9F0-4D80-83AD-550F3CD27339}.Release|Any CPU.ActiveCfg = Release|Any CPU
		{3EBF58B7-A9F0-4D80-83AD-550F3CD27339}.Release|Any CPU.Build.0 = Release|Any CPU
		{739A8B6B-77EE-4484-BCED-2BCAB6E7C5C5}.Debug|Any CPU.ActiveCfg = Debug|Any CPU
		{739A8B6B-77EE-4484-BCED-2BCAB6E7C5C5}.Debug|Any CPU.Build.0 = Debug|Any CPU
		{739A8B6B-77EE-4484-BCED-2BCAB6E7C5C5}.Release|Any CPU.ActiveCfg = Release|Any CPU
		{739A8B6B-77EE-4484-BCED-2BCAB6E7C5C5}.Release|Any CPU.Build.0 = Release|Any CPU
		{942B8E00-93E3-4FE2-8295-39704FDBC6E0}.Debug|Any CPU.ActiveCfg = Debug|Any CPU
		{942B8E00-93E3-4FE2-8295-39704FDBC6E0}.Debug|Any CPU.Build.0 = Debug|Any CPU
		{942B8E00-93E3-4FE2-8295-39704FDBC6E0}.Release|Any CPU.ActiveCfg = Release|Any CPU
		{942B8E00-93E3-4FE2-8295-39704FDBC6E0}.Release|Any CPU.Build.0 = Release|Any CPU
		{150DD51D-C294-4246-A1B8-0DE399AD71DC}.Debug|Any CPU.ActiveCfg = Debug|Any CPU
		{150DD51D-C294-4246-A1B8-0DE399AD71DC}.Debug|Any CPU.Build.0 = Debug|Any CPU
		{150DD51D-C294-4246-A1B8-0DE399AD71DC}.Release|Any CPU.ActiveCfg = Release|Any CPU
		{150DD51D-C294-4246-A1B8-0DE399AD71DC}.Release|Any CPU.Build.0 = Release|Any CPU
		{5F687B58-5F09-4F67-A9EB-C30B3E5B59BD}.Debug|Any CPU.ActiveCfg = Debug|Any CPU
		{5F687B58-5F09-4F67-A9EB-C30B3E5B59BD}.Debug|Any CPU.Build.0 = Debug|Any CPU
		{5F687B58-5F09-4F67-A9EB-C30B3E5B59BD}.Release|Any CPU.ActiveCfg = Release|Any CPU
		{5F687B58-5F09-4F67-A9EB-C30B3E5B59BD}.Release|Any CPU.Build.0 = Release|Any CPU
		{9764A0EB-D47F-41A4-85AE-CC0C57F83B7F}.Debug|Any CPU.ActiveCfg = Debug|Any CPU
		{9764A0EB-D47F-41A4-85AE-CC0C57F83B7F}.Debug|Any CPU.Build.0 = Debug|Any CPU
		{9764A0EB-D47F-41A4-85AE-CC0C57F83B7F}.Release|Any CPU.ActiveCfg = Release|Any CPU
		{9764A0EB-D47F-41A4-85AE-CC0C57F83B7F}.Release|Any CPU.Build.0 = Release|Any CPU
		{78D57B81-8FBD-4919-8181-C850F5DCC77C}.Debug|Any CPU.ActiveCfg = Debug|Any CPU
		{78D57B81-8FBD-4919-8181-C850F5DCC77C}.Debug|Any CPU.Build.0 = Debug|Any CPU
		{78D57B81-8FBD-4919-8181-C850F5DCC77C}.Release|Any CPU.ActiveCfg = Release|Any CPU
		{78D57B81-8FBD-4919-8181-C850F5DCC77C}.Release|Any CPU.Build.0 = Release|Any CPU
		{FF92BDE9-18ED-48A0-9EB2-6046C967F068}.Debug|Any CPU.ActiveCfg = Debug|Any CPU
		{FF92BDE9-18ED-48A0-9EB2-6046C967F068}.Debug|Any CPU.Build.0 = Debug|Any CPU
		{FF92BDE9-18ED-48A0-9EB2-6046C967F068}.Release|Any CPU.ActiveCfg = Release|Any CPU
		{FF92BDE9-18ED-48A0-9EB2-6046C967F068}.Release|Any CPU.Build.0 = Release|Any CPU
		{DE8AE88E-2D1D-4C90-A3B1-CC37F61D96BB}.Debug|Any CPU.ActiveCfg = Debug|Any CPU
		{DE8AE88E-2D1D-4C90-A3B1-CC37F61D96BB}.Debug|Any CPU.Build.0 = Debug|Any CPU
		{DE8AE88E-2D1D-4C90-A3B1-CC37F61D96BB}.Release|Any CPU.ActiveCfg = Release|Any CPU
		{DE8AE88E-2D1D-4C90-A3B1-CC37F61D96BB}.Release|Any CPU.Build.0 = Release|Any CPU
		{D404A081-1BCC-4988-AD7A-54728A268330}.Debug|Any CPU.ActiveCfg = Debug|Any CPU
		{D404A081-1BCC-4988-AD7A-54728A268330}.Debug|Any CPU.Build.0 = Debug|Any CPU
		{D404A081-1BCC-4988-AD7A-54728A268330}.Release|Any CPU.ActiveCfg = Release|Any CPU
		{D404A081-1BCC-4988-AD7A-54728A268330}.Release|Any CPU.Build.0 = Release|Any CPU
		{60882CB2-266A-4BBB-8063-8AECF330DDCE}.Debug|Any CPU.ActiveCfg = Debug|Any CPU
		{60882CB2-266A-4BBB-8063-8AECF330DDCE}.Debug|Any CPU.Build.0 = Debug|Any CPU
		{60882CB2-266A-4BBB-8063-8AECF330DDCE}.Release|Any CPU.ActiveCfg = Release|Any CPU
		{60882CB2-266A-4BBB-8063-8AECF330DDCE}.Release|Any CPU.Build.0 = Release|Any CPU
		{168BBA21-8410-42C2-8B6A-D095F1DC8BDA}.Debug|Any CPU.ActiveCfg = Debug|Any CPU
		{168BBA21-8410-42C2-8B6A-D095F1DC8BDA}.Debug|Any CPU.Build.0 = Debug|Any CPU
		{168BBA21-8410-42C2-8B6A-D095F1DC8BDA}.Release|Any CPU.ActiveCfg = Release|Any CPU
		{168BBA21-8410-42C2-8B6A-D095F1DC8BDA}.Release|Any CPU.Build.0 = Release|Any CPU
		{142B7083-83AB-43A6-BF65-7E34BA29987E}.Debug|Any CPU.ActiveCfg = Debug|Any CPU
		{142B7083-83AB-43A6-BF65-7E34BA29987E}.Debug|Any CPU.Build.0 = Debug|Any CPU
		{142B7083-83AB-43A6-BF65-7E34BA29987E}.Release|Any CPU.ActiveCfg = Release|Any CPU
		{142B7083-83AB-43A6-BF65-7E34BA29987E}.Release|Any CPU.Build.0 = Release|Any CPU
		{519DE487-9354-46B8-8D6D-66109C56686A}.Debug|Any CPU.ActiveCfg = Debug|Any CPU
		{519DE487-9354-46B8-8D6D-66109C56686A}.Debug|Any CPU.Build.0 = Debug|Any CPU
		{519DE487-9354-46B8-8D6D-66109C56686A}.Release|Any CPU.ActiveCfg = Release|Any CPU
		{519DE487-9354-46B8-8D6D-66109C56686A}.Release|Any CPU.Build.0 = Release|Any CPU
		{4E06CB1C-1CB2-41E7-9886-CD8D0EAB5994}.Debug|Any CPU.ActiveCfg = Debug|Any CPU
		{4E06CB1C-1CB2-41E7-9886-CD8D0EAB5994}.Debug|Any CPU.Build.0 = Debug|Any CPU
		{4E06CB1C-1CB2-41E7-9886-CD8D0EAB5994}.Release|Any CPU.ActiveCfg = Release|Any CPU
		{4E06CB1C-1CB2-41E7-9886-CD8D0EAB5994}.Release|Any CPU.Build.0 = Release|Any CPU
		{7F55682E-7EAE-4088-A662-1CA850F11183}.Debug|Any CPU.ActiveCfg = Debug|Any CPU
		{7F55682E-7EAE-4088-A662-1CA850F11183}.Debug|Any CPU.Build.0 = Debug|Any CPU
		{7F55682E-7EAE-4088-A662-1CA850F11183}.Release|Any CPU.ActiveCfg = Release|Any CPU
		{7F55682E-7EAE-4088-A662-1CA850F11183}.Release|Any CPU.Build.0 = Release|Any CPU
		{81C010E1-B165-440A-9950-99A492CC7D25}.Debug|Any CPU.ActiveCfg = Debug|Any CPU
		{81C010E1-B165-440A-9950-99A492CC7D25}.Debug|Any CPU.Build.0 = Debug|Any CPU
		{81C010E1-B165-440A-9950-99A492CC7D25}.Release|Any CPU.ActiveCfg = Release|Any CPU
		{81C010E1-B165-440A-9950-99A492CC7D25}.Release|Any CPU.Build.0 = Release|Any CPU
		{99D36060-D3DF-4D99-ABC1-01DA0F1CBF1E}.Debug|Any CPU.ActiveCfg = Debug|Any CPU
		{99D36060-D3DF-4D99-ABC1-01DA0F1CBF1E}.Debug|Any CPU.Build.0 = Debug|Any CPU
		{99D36060-D3DF-4D99-ABC1-01DA0F1CBF1E}.Release|Any CPU.ActiveCfg = Release|Any CPU
		{99D36060-D3DF-4D99-ABC1-01DA0F1CBF1E}.Release|Any CPU.Build.0 = Release|Any CPU
		{26E5AE8D-717F-47E2-928A-F84ED09B11D2}.Debug|Any CPU.ActiveCfg = Debug|Any CPU
		{26E5AE8D-717F-47E2-928A-F84ED09B11D2}.Debug|Any CPU.Build.0 = Debug|Any CPU
		{26E5AE8D-717F-47E2-928A-F84ED09B11D2}.Release|Any CPU.ActiveCfg = Release|Any CPU
		{26E5AE8D-717F-47E2-928A-F84ED09B11D2}.Release|Any CPU.Build.0 = Release|Any CPU
	EndGlobalSection
	GlobalSection(SolutionProperties) = preSolution
		HideSolutionNode = FALSE
	EndGlobalSection
	GlobalSection(ExtensibilityGlobals) = postSolution
		SolutionGuid = {F0E195A0-36DD-4C1F-BA5C-EFE4146BC5CE}
	EndGlobalSection
EndGlobal
