
Microsoft Visual Studio Solution File, Format Version 12.00
# Visual Studio Version 16
VisualStudioVersion = 16.0.30717.126
MinimumVisualStudioVersion = 10.0.40219.1
Project("{9A19103F-16F7-4668-BE54-9A1E7A4F7556}") = "Day1", "Day1\Day1.csproj", "{74883F17-1FC9-4E8A-AA1A-BC00A06C8238}"
EndProject
Project("{9A19103F-16F7-4668-BE54-9A1E7A4F7556}") = "InputParsing", "InputParsing\InputParsing.csproj", "{3EBF58B7-A9F0-4D80-83AD-550F3CD27339}"
EndProject
Project("{9A19103F-16F7-4668-BE54-9A1E7A4F7556}") = "Day2", "Day2\Day2.csproj", "{739A8B6B-77EE-4484-BCED-2BCAB6E7C5C5}"
EndProject
Project("{9A19103F-16F7-4668-BE54-9A1E7A4F7556}") = "Day3", "Day3\Day3.csproj", "{942B8E00-93E3-4FE2-8295-39704FDBC6E0}"
EndProject
Project("{9A19103F-16F7-4668-BE54-9A1E7A4F7556}") = "Day4", "Day4\Day4.csproj", "{150DD51D-C294-4246-A1B8-0DE399AD71DC}"
EndProject
Project("{9A19103F-16F7-4668-BE54-9A1E7A4F7556}") = "Day5", "Day5\Day5.csproj", "{5F687B58-5F09-4F67-A9EB-C30B3E5B59BD}"
EndProject
Project("{9A19103F-16F7-4668-BE54-9A1E7A4F7556}") = "Day6", "Day6\Day6.csproj", "{9764A0EB-D47F-41A4-85AE-CC0C57F83B7F}"
EndProject
Project("{FAE04EC0-301F-11D3-BF4B-00C04F79EFBC}") = "Day7", "Day7\Day7.csproj", "{78D57B81-8FBD-4919-8181-C850F5DCC77C}"
EndProject
Global
	GlobalSection(SolutionConfigurationPlatforms) = preSolution
		Debug|Any CPU = Debug|Any CPU
		Release|Any CPU = Release|Any CPU
	EndGlobalSection
	GlobalSection(ProjectConfigurationPlatforms) = postSolution
		{74883F17-1FC9-4E8A-AA1A-BC00A06C8238}.Debug|Any CPU.ActiveCfg = Debug|Any CPU
		{74883F17-1FC9-4E8A-AA1A-BC00A06C8238}.Debug|Any CPU.Build.0 = Debug|Any CPU
		{74883F17-1FC9-4E8A-AA1A-BC00A06C8238}.Release|Any CPU.ActiveCfg = Release|Any CPU
		{74883F17-1FC9-4E8A-AA1A-BC00A06C8238}.Release|Any CPU.Build.0 = Release|Any CPU
		{3EBF58B7-A9F0-4D80-83AD-550F3CD27339}.Debug|Any CPU.ActiveCfg = Debug|Any CPU
		{3EBF58B7-A9F0-4D80-83AD-550F3CD27339}.Debug|Any CPU.Build.0 = Debug|Any CPU
		{3EBF58B7-A9F0-4D80-83AD-550F3CD27339}.Release|Any CPU.ActiveCfg = Release|Any CPU
		{3EBF58B7-A9F0-4D80-83AD-550F3CD27339}.Release|Any CPU.Build.0 = Release|Any CPU
		{739A8B6B-77EE-4484-BCED-2BCAB6E7C5C5}.Debug|Any CPU.ActiveCfg = Debug|Any CPU
		{739A8B6B-77EE-4484-BCED-2BCAB6E7C5C5}.Debug|Any CPU.Build.0 = Debug|Any CPU
		{739A8B6B-77EE-4484-BCED-2BCAB6E7C5C5}.Release|Any CPU.ActiveCfg = Release|Any CPU
		{739A8B6B-77EE-4484-BCED-2BCAB6E7C5C5}.Release|Any CPU.Build.0 = Release|Any CPU
		{942B8E00-93E3-4FE2-8295-39704FDBC6E0}.Debug|Any CPU.ActiveCfg = Debug|Any CPU
		{942B8E00-93E3-4FE2-8295-39704FDBC6E0}.Debug|Any CPU.Build.0 = Debug|Any CPU
		{942B8E00-93E3-4FE2-8295-39704FDBC6E0}.Release|Any CPU.ActiveCfg = Release|Any CPU
		{942B8E00-93E3-4FE2-8295-39704FDBC6E0}.Release|Any CPU.Build.0 = Release|Any CPU
		{150DD51D-C294-4246-A1B8-0DE399AD71DC}.Debug|Any CPU.ActiveCfg = Debug|Any CPU
		{150DD51D-C294-4246-A1B8-0DE399AD71DC}.Debug|Any CPU.Build.0 = Debug|Any CPU
		{150DD51D-C294-4246-A1B8-0DE399AD71DC}.Release|Any CPU.ActiveCfg = Release|Any CPU
		{150DD51D-C294-4246-A1B8-0DE399AD71DC}.Release|Any CPU.Build.0 = Release|Any CPU
		{5F687B58-5F09-4F67-A9EB-C30B3E5B59BD}.Debug|Any CPU.ActiveCfg = Debug|Any CPU
		{5F687B58-5F09-4F67-A9EB-C30B3E5B59BD}.Debug|Any CPU.Build.0 = Debug|Any CPU
		{5F687B58-5F09-4F67-A9EB-C30B3E5B59BD}.Release|Any CPU.ActiveCfg = Release|Any CPU
		{5F687B58-5F09-4F67-A9EB-C30B3E5B59BD}.Release|Any CPU.Build.0 = Release|Any CPU
		{9764A0EB-D47F-41A4-85AE-CC0C57F83B7F}.Debug|Any CPU.ActiveCfg = Debug|Any CPU
		{9764A0EB-D47F-41A4-85AE-CC0C57F83B7F}.Debug|Any CPU.Build.0 = Debug|Any CPU
		{9764A0EB-D47F-41A4-85AE-CC0C57F83B7F}.Release|Any CPU.ActiveCfg = Release|Any CPU
		{9764A0EB-D47F-41A4-85AE-CC0C57F83B7F}.Release|Any CPU.Build.0 = Release|Any CPU
		{78D57B81-8FBD-4919-8181-C850F5DCC77C}.Debug|Any CPU.ActiveCfg = Debug|Any CPU
		{78D57B81-8FBD-4919-8181-C850F5DCC77C}.Debug|Any CPU.Build.0 = Debug|Any CPU
		{78D57B81-8FBD-4919-8181-C850F5DCC77C}.Release|Any CPU.ActiveCfg = Release|Any CPU
		{78D57B81-8FBD-4919-8181-C850F5DCC77C}.Release|Any CPU.Build.0 = Release|Any CPU
	EndGlobalSection
	GlobalSection(SolutionProperties) = preSolution
		HideSolutionNode = FALSE
	EndGlobalSection
	GlobalSection(ExtensibilityGlobals) = postSolution
		SolutionGuid = {F0E195A0-36DD-4C1F-BA5C-EFE4146BC5CE}
	EndGlobalSection
EndGlobal
